{
  "version": 4,
  "terraform_version": "1.0.11",
  "serial": 7,
  "lineage": "16f360dc-0175-6e1d-8081-ee9192416fd1",
  "outputs": {
    "kubeconfig_path_do": {
      "value": "./kubeconfig_do",
      "type": "string"
    }
  },
  "resources": [
    {
      "mode": "data",
      "type": "external",
      "name": "get_latest_do_k8s_version",
      "provider": "provider[\"registry.terraform.io/hashicorp/external\"]",
      "instances": [
        {
          "index_key": 0,
          "schema_version": 0,
          "attributes": {
            "id": "-",
            "program": [
              "sh",
              "./get_do_latest_k8s_version.sh"
            ],
            "query": {
              "do_token": "a1d7405f16c7e93905f03734cf644f0cb2a6bb459b58fb6143a71b75d03c47cc"
            },
            "result": {
              "version": "1.21.5-do.0"
            },
            "working_dir": null
          },
          "sensitive_attributes": []
        }
      ]
    },
    {
      "mode": "managed",
      "type": "digitalocean_firewall",
      "name": "cluster_firewall",
      "provider": "provider[\"registry.terraform.io/digitalocean/digitalocean\"]",
      "instances": [
        {
          "index_key": 0,
          "schema_version": 0,
          "attributes": {
            "created_at": "2021-11-30T22:58:53Z",
            "droplet_ids": null,
            "id": "ce11e719-b420-490f-9d20-9f138547eb0b",
            "inbound_rule": [
              {
                "port_range": "1-65535",
                "protocol": "tcp",
                "source_addresses": [
                  "0.0.0.0/0",
                  "::/0"
                ],
                "source_droplet_ids": [],
                "source_kubernetes_ids": [],
                "source_load_balancer_uids": [],
                "source_tags": []
              },
              {
                "port_range": "1-65535",
                "protocol": "udp",
                "source_addresses": [
                  "0.0.0.0/0",
                  "::/0"
                ],
                "source_droplet_ids": [],
                "source_kubernetes_ids": [],
                "source_load_balancer_uids": [],
                "source_tags": []
              }
            ],
            "name": "lineblocs-cluster-firewall-26a5fa23-12ba-4510-8cbd-cf705a83b774",
            "outbound_rule": [
              {
                "destination_addresses": [
                  "0.0.0.0/0",
                  "::/0"
                ],
                "destination_droplet_ids": [],
                "destination_kubernetes_ids": [],
                "destination_load_balancer_uids": [],
                "destination_tags": [],
                "port_range": "1-65535",
                "protocol": "tcp"
              },
              {
                "destination_addresses": [
                  "0.0.0.0/0",
                  "::/0"
                ],
                "destination_droplet_ids": [],
                "destination_kubernetes_ids": [],
                "destination_load_balancer_uids": [],
                "destination_tags": [],
                "port_range": "1-65535",
                "protocol": "udp"
              }
            ],
            "pending_changes": [
              {
                "droplet_id": 275945870,
                "removing": false,
                "status": "waiting"
              },
              {
                "droplet_id": 275945871,
                "removing": false,
                "status": "waiting"
              }
            ],
            "status": "waiting",
            "tags": [
              "k8s:26a5fa23-12ba-4510-8cbd-cf705a83b774"
            ]
          },
          "sensitive_attributes": [],
          "private": "bnVsbA==",
          "dependencies": [
            "data.external.get_latest_do_k8s_version",
            "digitalocean_kubernetes_cluster.k8s",
            "random_id.cluster_name"
          ]
        }
      ]
    },
    {
      "mode": "managed",
      "type": "digitalocean_kubernetes_cluster",
      "name": "k8s",
      "provider": "provider[\"registry.terraform.io/digitalocean/digitalocean\"]",
      "instances": [
        {
          "index_key": 0,
          "schema_version": 3,
          "attributes": {
            "auto_upgrade": false,
            "cluster_subnet": "10.244.0.0/16",
            "created_at": "2021-11-30 22:52:32 +0000 UTC",
            "endpoint": "https://26a5fa23-12ba-4510-8cbd-cf705a83b774.k8s.ondigitalocean.com",
            "ha": false,
            "id": "26a5fa23-12ba-4510-8cbd-cf705a83b774",
            "ipv4_address": "147.182.128.30",
            "kube_config": [
              {
                "client_certificate": "",
                "client_key": "",
                "cluster_ca_certificate": "LS0tLS1CRUdJTiBDRVJUSUZJQ0FURS0tLS0tCk1JSURKekNDQWcrZ0F3SUJBZ0lDQm5Vd0RRWUpLb1pJaHZjTkFRRUxCUUF3TXpFVk1CTUdBMVVFQ2hNTVJHbG4KYVhSaGJFOWpaV0Z1TVJvd0dBWURWUVFERXhGck9ITmhZWE1nUTJ4MWMzUmxjaUJEUVRBZUZ3MHlNVEV4TXpBeQpNalV5TXpkYUZ3MDBNVEV4TXpBeU1qVXlNemRhTURNeEZUQVRCZ05WQkFvVERFUnBaMmwwWVd4UFkyVmhiakVhCk1CZ0dBMVVFQXhNUmF6aHpZV0Z6SUVOc2RYTjBaWElnUTBFd2dnRWlNQTBHQ1NxR1NJYjNEUUVCQVFVQUE0SUIKRHdBd2dnRUtBb0lCQVFEUlFZSit1dTUveTY3VW11TW5DQTd6RWtWWmRBN25IbmU2dXIxbUVtSytKQnREVVlpegpUNm92bUhhRS9veGdSK2ZBMUVlL3lTaVp0eEg1bmhwN2tTcHU2M0RjM0hycDBwZE9mcVhzMUxablUyUWtKOHBrCmJ3cW1vMGlreVFPRDRhOGZ6S2FZMHZmVmZFYUNoZys0ZlVnTEdxM3h2L0E3MUpZMVgvZkFOKzVYVVJuOFRHQzMKZlNHN25wY1I1QXlEWkdiayt5ZHhzeWdqNjZFWlB2bkR1VUFUMkRrdnArS0JZN3h6Z0lZbDNORkpWR1UzeHRXQQpoUVhLR096MTJWT2pxSlNZdzFJZkVXYzA4QlJZTmQyeWFtcXdnUjg4emM2WjY1VFc4OGpzTDhKbzdIOW5Lc1RyCk5SQmdBOS9vc3FROUhyTHd4WU1VWCtKVGlwL2ZNVC8vQzFheEFnTUJBQUdqUlRCRE1BNEdBMVVkRHdFQi93UUUKQXdJQmhqQVNCZ05WSFJNQkFmOEVDREFHQVFIL0FnRUFNQjBHQTFVZERnUVdCQlNiTkMxM2o2ZzFSVW1mZ2k4Zgp5bDltdkc3ZzREQU5CZ2txaGtpRzl3MEJBUXNGQUFPQ0FRRUFBZGt5UzY2NnFkNXh1Wk9RdzRWV20wdnJUWWllClBmTG43bHYwL0svcitmQmx6cENKSStyb25Bclc5OHBQTG81R1hMUFl4cW55QzlUcXFkUzk4SXhDVlhnaklQU1gKYzN2Z09TZmF5ekVqNnVUMDBaa0RLREcvYWpGYlhYM3B5TU5TTUx3OWM0bG8yNDNObkMyd0Fla1JSTHFONFdaWApnaEw2d3VqTExOQU05eU5zbi91NHdtRHlLV25CSUVXcmkybkxLajhlcms2SWdJazFINGIyWkJXMXR1WTlvelY0Cnh5TXE4NlV4QUdxTCswM1FIbFRwNUhrQmVEOUxsQjhycGQ0aFQzeGN6aWZuVFA3ZGROekJuVkxhQ3c5S0tRRXYKdVBUVWIxWWk4Qm1qSFRQcC9VZFE4RGgvc3IycndyOHpGOHVWSlUxQ0RLZjlRNEJ0UWtHQkZsc0dSQT09Ci0tLS0tRU5EIENFUlRJRklDQVRFLS0tLS0K",
                "expires_at": "2021-12-07T22:58:53Z",
                "host": "https://26a5fa23-12ba-4510-8cbd-cf705a83b774.k8s.ondigitalocean.com",
                "raw_config": "apiVersion: v1\nkind: Config\nclusters:\n- cluster:\n    certificate-authority-data: LS0tLS1CRUdJTiBDRVJUSUZJQ0FURS0tLS0tCk1JSURKekNDQWcrZ0F3SUJBZ0lDQm5Vd0RRWUpLb1pJaHZjTkFRRUxCUUF3TXpFVk1CTUdBMVVFQ2hNTVJHbG4KYVhSaGJFOWpaV0Z1TVJvd0dBWURWUVFERXhGck9ITmhZWE1nUTJ4MWMzUmxjaUJEUVRBZUZ3MHlNVEV4TXpBeQpNalV5TXpkYUZ3MDBNVEV4TXpBeU1qVXlNemRhTURNeEZUQVRCZ05WQkFvVERFUnBaMmwwWVd4UFkyVmhiakVhCk1CZ0dBMVVFQXhNUmF6aHpZV0Z6SUVOc2RYTjBaWElnUTBFd2dnRWlNQTBHQ1NxR1NJYjNEUUVCQVFVQUE0SUIKRHdBd2dnRUtBb0lCQVFEUlFZSit1dTUveTY3VW11TW5DQTd6RWtWWmRBN25IbmU2dXIxbUVtSytKQnREVVlpegpUNm92bUhhRS9veGdSK2ZBMUVlL3lTaVp0eEg1bmhwN2tTcHU2M0RjM0hycDBwZE9mcVhzMUxablUyUWtKOHBrCmJ3cW1vMGlreVFPRDRhOGZ6S2FZMHZmVmZFYUNoZys0ZlVnTEdxM3h2L0E3MUpZMVgvZkFOKzVYVVJuOFRHQzMKZlNHN25wY1I1QXlEWkdiayt5ZHhzeWdqNjZFWlB2bkR1VUFUMkRrdnArS0JZN3h6Z0lZbDNORkpWR1UzeHRXQQpoUVhLR096MTJWT2pxSlNZdzFJZkVXYzA4QlJZTmQyeWFtcXdnUjg4emM2WjY1VFc4OGpzTDhKbzdIOW5Lc1RyCk5SQmdBOS9vc3FROUhyTHd4WU1VWCtKVGlwL2ZNVC8vQzFheEFnTUJBQUdqUlRCRE1BNEdBMVVkRHdFQi93UUUKQXdJQmhqQVNCZ05WSFJNQkFmOEVDREFHQVFIL0FnRUFNQjBHQTFVZERnUVdCQlNiTkMxM2o2ZzFSVW1mZ2k4Zgp5bDltdkc3ZzREQU5CZ2txaGtpRzl3MEJBUXNGQUFPQ0FRRUFBZGt5UzY2NnFkNXh1Wk9RdzRWV20wdnJUWWllClBmTG43bHYwL0svcitmQmx6cENKSStyb25Bclc5OHBQTG81R1hMUFl4cW55QzlUcXFkUzk4SXhDVlhnaklQU1gKYzN2Z09TZmF5ekVqNnVUMDBaa0RLREcvYWpGYlhYM3B5TU5TTUx3OWM0bG8yNDNObkMyd0Fla1JSTHFONFdaWApnaEw2d3VqTExOQU05eU5zbi91NHdtRHlLV25CSUVXcmkybkxLajhlcms2SWdJazFINGIyWkJXMXR1WTlvelY0Cnh5TXE4NlV4QUdxTCswM1FIbFRwNUhrQmVEOUxsQjhycGQ0aFQzeGN6aWZuVFA3ZGROekJuVkxhQ3c5S0tRRXYKdVBUVWIxWWk4Qm1qSFRQcC9VZFE4RGgvc3IycndyOHpGOHVWSlUxQ0RLZjlRNEJ0UWtHQkZsc0dSQT09Ci0tLS0tRU5EIENFUlRJRklDQVRFLS0tLS0K\n    server: https://26a5fa23-12ba-4510-8cbd-cf705a83b774.k8s.ondigitalocean.com\n  name: do-nyc1-lineblocs-k8s-do-fb17c4a76098\ncontexts:\n- context:\n    cluster: do-nyc1-lineblocs-k8s-do-fb17c4a76098\n    user: do-nyc1-lineblocs-k8s-do-fb17c4a76098-admin\n  name: do-nyc1-lineblocs-k8s-do-fb17c4a76098\ncurrent-context: do-nyc1-lineblocs-k8s-do-fb17c4a76098\nusers:\n- name: do-nyc1-lineblocs-k8s-do-fb17c4a76098-admin\n  user:\n    token: 9ab263f74efb650afce52824e7c5d5ce7b4557eed3776fcc9e3d8125cd16d02d\n",
                "token": "9ab263f74efb650afce52824e7c5d5ce7b4557eed3776fcc9e3d8125cd16d02d"
              }
            ],
            "maintenance_policy": [
              {
                "day": "any",
                "duration": "4h0m0s",
                "start_time": "5:00"
              }
            ],
            "name": "lineblocs-k8s-do-fb17c4a76098",
            "node_pool": [
              {
                "actual_node_count": 2,
                "auto_scale": false,
                "id": "12335317-9d71-4ea4-bf9a-4c53e46175c1",
                "labels": null,
                "max_nodes": 0,
                "min_nodes": 0,
                "name": "lineblocs-k8s-mainpool",
                "node_count": 2,
                "nodes": [
                  {
                    "created_at": "2021-11-30 22:52:32 +0000 UTC",
                    "droplet_id": "275945871",
                    "id": "418d749a-dd1f-45e8-8291-1b837e58a088",
                    "name": "lineblocs-k8s-mainpool-ubqoh",
                    "status": "running",
                    "updated_at": "2021-11-30 22:56:10 +0000 UTC"
                  },
                  {
                    "created_at": "2021-11-30 22:52:32 +0000 UTC",
                    "droplet_id": "275945870",
                    "id": "8a91ff11-3fd2-45a4-873d-5dbc562d4cc6",
                    "name": "lineblocs-k8s-mainpool-ubqo4",
                    "status": "running",
                    "updated_at": "2021-11-30 22:56:10 +0000 UTC"
                  }
                ],
                "size": "s-1vcpu-2gb",
                "tags": null,
                "taint": []
              }
            ],
            "region": "nyc1",
            "service_subnet": "10.245.0.0/16",
            "status": "running",
            "surge_upgrade": true,
            "tags": null,
            "timeouts": null,
            "updated_at": "2021-11-30 22:58:49 +0000 UTC",
            "urn": "do:kubernetes:26a5fa23-12ba-4510-8cbd-cf705a83b774",
            "version": "1.21.5-do.0",
            "vpc_uuid": "6eae75f8-5b9d-4c81-ba99-d293dcdf56d9"
          },
          "sensitive_attributes": [],
          "private": "eyJlMmJmYjczMC1lY2FhLTExZTYtOGY4OC0zNDM2M2JjN2M0YzAiOnsiY3JlYXRlIjoxODAwMDAwMDAwMDAwfSwic2NoZW1hX3ZlcnNpb24iOiIzIn0=",
          "dependencies": [
            "data.external.get_latest_do_k8s_version",
            "random_id.cluster_name"
          ]
        }
      ]
    },
    {
      "mode": "managed",
      "type": "digitalocean_kubernetes_node_pool",
      "name": "k8s_media_nodes",
      "provider": "provider[\"registry.terraform.io/digitalocean/digitalocean\"]",
      "instances": [
        {
          "index_key": 0,
          "schema_version": 1,
          "attributes": {
            "actual_node_count": 1,
            "auto_scale": true,
            "cluster_id": "26a5fa23-12ba-4510-8cbd-cf705a83b774",
            "id": "782e7be1-8719-41b9-815c-579f6b67938e",
            "labels": null,
            "max_nodes": 2,
            "min_nodes": 1,
            "name": "lineblocs-k8s-media-nodepool",
            "node_count": 1,
            "nodes": [
              {
                "created_at": "2021-11-30 22:58:54 +0000 UTC",
                "droplet_id": "275946021",
                "id": "f02c79f8-70cb-4ab9-bdc2-76ae4c5ccb18",
                "name": "lineblocs-k8s-media-nodepool-ubqjy",
                "status": "running",
                "updated_at": "2021-11-30 22:59:39 +0000 UTC"
              }
            ],
            "size": "s-1vcpu-2gb",
            "tags": null,
            "taint": [],
            "timeouts": null
          },
          "sensitive_attributes": [],
          "private": "eyJlMmJmYjczMC1lY2FhLTExZTYtOGY4OC0zNDM2M2JjN2M0YzAiOnsiY3JlYXRlIjoxODAwMDAwMDAwMDAwLCJkZWxldGUiOjE4MDAwMDAwMDAwMDB9LCJzY2hlbWFfdmVyc2lvbiI6IjEifQ==",
          "dependencies": [
            "data.external.get_latest_do_k8s_version",
            "digitalocean_kubernetes_cluster.k8s",
            "random_id.cluster_name"
          ]
        }
      ]
    },
    {
      "mode": "managed",
      "type": "digitalocean_kubernetes_node_pool",
      "name": "k8s_router_nodes",
      "provider": "provider[\"registry.terraform.io/digitalocean/digitalocean\"]",
      "instances": [
        {
          "index_key": 0,
          "schema_version": 1,
          "attributes": {
            "actual_node_count": 2,
            "auto_scale": false,
            "cluster_id": "26a5fa23-12ba-4510-8cbd-cf705a83b774",
            "id": "b92c909e-e80e-4331-9c1f-9d1353fa227d",
            "labels": {
              "routerNode": "true"
            },
            "max_nodes": 0,
            "min_nodes": 0,
            "name": "lineblocs-k8s-nodepool",
            "node_count": 2,
            "nodes": [
              {
                "created_at": "2021-11-30 22:58:54 +0000 UTC",
                "droplet_id": "275946022",
                "id": "30a81890-6fb1-4f63-bd88-1015b2760a77",
                "name": "lineblocs-k8s-nodepool-ubqjx",
                "status": "running",
                "updated_at": "2021-11-30 22:59:39 +0000 UTC"
              },
              {
                "created_at": "2021-11-30 22:58:54 +0000 UTC",
                "droplet_id": "275946020",
                "id": "ef7ceb34-bfe3-4ae2-99a9-1e5da9c15e6e",
                "name": "lineblocs-k8s-nodepool-ubqjo",
                "status": "running",
                "updated_at": "2021-11-30 22:59:39 +0000 UTC"
              }
            ],
            "size": "s-1vcpu-2gb",
            "tags": null,
            "taint": [],
            "timeouts": null
          },
          "sensitive_attributes": [],
          "private": "eyJlMmJmYjczMC1lY2FhLTExZTYtOGY4OC0zNDM2M2JjN2M0YzAiOnsiY3JlYXRlIjoxODAwMDAwMDAwMDAwLCJkZWxldGUiOjE4MDAwMDAwMDAwMDB9LCJzY2hlbWFfdmVyc2lvbiI6IjEifQ==",
          "dependencies": [
            "data.external.get_latest_do_k8s_version",
            "digitalocean_kubernetes_cluster.k8s",
            "random_id.cluster_name"
          ]
        }
      ]
    },
    {
      "mode": "managed",
      "type": "local_file",
      "name": "kubeconfigdo",
      "provider": "provider[\"registry.terraform.io/hashicorp/local\"]",
      "instances": [
        {
          "index_key": 0,
          "schema_version": 0,
          "attributes": {
            "content": "apiVersion: v1\nkind: Config\nclusters:\n- cluster:\n    certificate-authority-data: LS0tLS1CRUdJTiBDRVJUSUZJQ0FURS0tLS0tCk1JSURKekNDQWcrZ0F3SUJBZ0lDQm5Vd0RRWUpLb1pJaHZjTkFRRUxCUUF3TXpFVk1CTUdBMVVFQ2hNTVJHbG4KYVhSaGJFOWpaV0Z1TVJvd0dBWURWUVFERXhGck9ITmhZWE1nUTJ4MWMzUmxjaUJEUVRBZUZ3MHlNVEV4TXpBeQpNalV5TXpkYUZ3MDBNVEV4TXpBeU1qVXlNemRhTURNeEZUQVRCZ05WQkFvVERFUnBaMmwwWVd4UFkyVmhiakVhCk1CZ0dBMVVFQXhNUmF6aHpZV0Z6SUVOc2RYTjBaWElnUTBFd2dnRWlNQTBHQ1NxR1NJYjNEUUVCQVFVQUE0SUIKRHdBd2dnRUtBb0lCQVFEUlFZSit1dTUveTY3VW11TW5DQTd6RWtWWmRBN25IbmU2dXIxbUVtSytKQnREVVlpegpUNm92bUhhRS9veGdSK2ZBMUVlL3lTaVp0eEg1bmhwN2tTcHU2M0RjM0hycDBwZE9mcVhzMUxablUyUWtKOHBrCmJ3cW1vMGlreVFPRDRhOGZ6S2FZMHZmVmZFYUNoZys0ZlVnTEdxM3h2L0E3MUpZMVgvZkFOKzVYVVJuOFRHQzMKZlNHN25wY1I1QXlEWkdiayt5ZHhzeWdqNjZFWlB2bkR1VUFUMkRrdnArS0JZN3h6Z0lZbDNORkpWR1UzeHRXQQpoUVhLR096MTJWT2pxSlNZdzFJZkVXYzA4QlJZTmQyeWFtcXdnUjg4emM2WjY1VFc4OGpzTDhKbzdIOW5Lc1RyCk5SQmdBOS9vc3FROUhyTHd4WU1VWCtKVGlwL2ZNVC8vQzFheEFnTUJBQUdqUlRCRE1BNEdBMVVkRHdFQi93UUUKQXdJQmhqQVNCZ05WSFJNQkFmOEVDREFHQVFIL0FnRUFNQjBHQTFVZERnUVdCQlNiTkMxM2o2ZzFSVW1mZ2k4Zgp5bDltdkc3ZzREQU5CZ2txaGtpRzl3MEJBUXNGQUFPQ0FRRUFBZGt5UzY2NnFkNXh1Wk9RdzRWV20wdnJUWWllClBmTG43bHYwL0svcitmQmx6cENKSStyb25Bclc5OHBQTG81R1hMUFl4cW55QzlUcXFkUzk4SXhDVlhnaklQU1gKYzN2Z09TZmF5ekVqNnVUMDBaa0RLREcvYWpGYlhYM3B5TU5TTUx3OWM0bG8yNDNObkMyd0Fla1JSTHFONFdaWApnaEw2d3VqTExOQU05eU5zbi91NHdtRHlLV25CSUVXcmkybkxLajhlcms2SWdJazFINGIyWkJXMXR1WTlvelY0Cnh5TXE4NlV4QUdxTCswM1FIbFRwNUhrQmVEOUxsQjhycGQ0aFQzeGN6aWZuVFA3ZGROekJuVkxhQ3c5S0tRRXYKdVBUVWIxWWk4Qm1qSFRQcC9VZFE4RGgvc3IycndyOHpGOHVWSlUxQ0RLZjlRNEJ0UWtHQkZsc0dSQT09Ci0tLS0tRU5EIENFUlRJRklDQVRFLS0tLS0K\n    server: https://26a5fa23-12ba-4510-8cbd-cf705a83b774.k8s.ondigitalocean.com\n  name: do-nyc1-lineblocs-k8s-do-fb17c4a76098\ncontexts:\n- context:\n    cluster: do-nyc1-lineblocs-k8s-do-fb17c4a76098\n    user: do-nyc1-lineblocs-k8s-do-fb17c4a76098-admin\n  name: do-nyc1-lineblocs-k8s-do-fb17c4a76098\ncurrent-context: do-nyc1-lineblocs-k8s-do-fb17c4a76098\nusers:\n- name: do-nyc1-lineblocs-k8s-do-fb17c4a76098-admin\n  user:\n    token: 9ab263f74efb650afce52824e7c5d5ce7b4557eed3776fcc9e3d8125cd16d02d\n",
            "content_base64": null,
            "directory_permission": "0777",
            "file_permission": "0777",
            "filename": "./kubeconfig_do",
            "id": "010d839100c1604471edd324510f8e8bef6c5172",
            "sensitive_content": null,
            "source": null
          },
          "sensitive_attributes": [
            [
              {
                "type": "get_attr",
                "value": "content"
              }
            ]
          ],
          "private": "bnVsbA==",
          "dependencies": [
            "data.external.get_latest_do_k8s_version",
            "digitalocean_kubernetes_cluster.k8s",
            "random_id.cluster_name"
          ]
        }
      ]
    },
    {
      "mode": "managed",
      "type": "random_id",
      "name": "cluster_name",
      "provider": "provider[\"registry.terraform.io/hashicorp/random\"]",
      "instances": [
        {
          "index_key": 0,
          "schema_version": 0,
          "attributes": {
            "b64_std": "+xfEp2CY",
            "b64_url": "-xfEp2CY",
            "byte_length": 6,
            "dec": "276079502123160",
            "hex": "fb17c4a76098",
            "id": "-xfEp2CY",
            "keepers": null,
            "prefix": null
          },
          "sensitive_attributes": [],
          "private": "bnVsbA=="
        }
      ]
    }
  ]
}
