{
  "version": 4,
  "terraform_version": "1.0.11",
  "serial": 7,
  "lineage": "15e88d1a-4072-576a-f6f9-d73717f6bb85",
  "outputs": {
    "kubeconfig_path_do": {
      "value": "./kubeconfig_do",
      "type": "string"
    }
  },
  "resources": [
    {
      "mode": "data",
      "type": "external",
      "name": "get_latest_do_k8s_version",
      "provider": "provider[\"registry.terraform.io/hashicorp/external\"]",
      "instances": [
        {
          "index_key": 0,
          "schema_version": 0,
          "attributes": {
            "id": "-",
            "program": [
              "sh",
              "./get_do_latest_k8s_version.sh"
            ],
            "query": {
              "do_token": "a1d7405f16c7e93905f03734cf644f0cb2a6bb459b58fb6143a71b75d03c47cc"
            },
            "result": {
              "version": "1.21.5-do.0"
            },
            "working_dir": null
          },
          "sensitive_attributes": []
        }
      ]
    },
    {
      "mode": "managed",
      "type": "digitalocean_firewall",
      "name": "cluster_firewall",
      "provider": "provider[\"registry.terraform.io/digitalocean/digitalocean\"]",
      "instances": [
        {
          "index_key": 0,
          "schema_version": 0,
          "attributes": {
            "created_at": "2021-11-30T23:55:34Z",
            "droplet_ids": null,
            "id": "2bbdfef5-d132-4785-b3c6-7813cac13c58",
            "inbound_rule": [
              {
                "port_range": "1-65535",
                "protocol": "tcp",
                "source_addresses": [
                  "0.0.0.0/0",
                  "::/0"
                ],
                "source_droplet_ids": [],
                "source_kubernetes_ids": [],
                "source_load_balancer_uids": [],
                "source_tags": []
              },
              {
                "port_range": "1-65535",
                "protocol": "udp",
                "source_addresses": [
                  "0.0.0.0/0",
                  "::/0"
                ],
                "source_droplet_ids": [],
                "source_kubernetes_ids": [],
                "source_load_balancer_uids": [],
                "source_tags": []
              }
            ],
            "name": "lineblocs-cluster-firewall-eb343a2d-aba8-4535-b28f-42086323cbc8",
            "outbound_rule": [
              {
                "destination_addresses": [
                  "0.0.0.0/0",
                  "::/0"
                ],
                "destination_droplet_ids": [],
                "destination_kubernetes_ids": [],
                "destination_load_balancer_uids": [],
                "destination_tags": [],
                "port_range": "1-65535",
                "protocol": "tcp"
              },
              {
                "destination_addresses": [
                  "0.0.0.0/0",
                  "::/0"
                ],
                "destination_droplet_ids": [],
                "destination_kubernetes_ids": [],
                "destination_load_balancer_uids": [],
                "destination_tags": [],
                "port_range": "1-65535",
                "protocol": "udp"
              }
            ],
            "pending_changes": [
              {
                "droplet_id": 275952441,
                "removing": false,
                "status": "waiting"
              },
              {
                "droplet_id": 275952442,
                "removing": false,
                "status": "waiting"
              }
            ],
            "status": "waiting",
            "tags": [
              "k8s:eb343a2d-aba8-4535-b28f-42086323cbc8"
            ]
          },
          "sensitive_attributes": [],
          "private": "bnVsbA==",
          "dependencies": [
            "data.external.get_latest_do_k8s_version",
            "digitalocean_kubernetes_cluster.k8s",
            "random_id.cluster_name"
          ]
        }
      ]
    },
    {
      "mode": "managed",
      "type": "digitalocean_kubernetes_cluster",
      "name": "k8s",
      "provider": "provider[\"registry.terraform.io/digitalocean/digitalocean\"]",
      "instances": [
        {
          "index_key": 0,
          "schema_version": 3,
          "attributes": {
            "auto_upgrade": false,
            "cluster_subnet": "10.244.0.0/16",
            "created_at": "2021-11-30 23:45:33 +0000 UTC",
            "endpoint": "https://eb343a2d-aba8-4535-b28f-42086323cbc8.k8s.ondigitalocean.com",
            "ha": false,
            "id": "eb343a2d-aba8-4535-b28f-42086323cbc8",
            "ipv4_address": "64.227.4.193",
            "kube_config": [
              {
                "client_certificate": "",
                "client_key": "",
                "cluster_ca_certificate": "LS0tLS1CRUdJTiBDRVJUSUZJQ0FURS0tLS0tCk1JSURKekNDQWcrZ0F3SUJBZ0lDQm5Vd0RRWUpLb1pJaHZjTkFRRUxCUUF3TXpFVk1CTUdBMVVFQ2hNTVJHbG4KYVhSaGJFOWpaV0Z1TVJvd0dBWURWUVFERXhGck9ITmhZWE1nUTJ4MWMzUmxjaUJEUVRBZUZ3MHlNVEV4TXpBeQpNelExTXpkYUZ3MDBNVEV4TXpBeU16UTFNemRhTURNeEZUQVRCZ05WQkFvVERFUnBaMmwwWVd4UFkyVmhiakVhCk1CZ0dBMVVFQXhNUmF6aHpZV0Z6SUVOc2RYTjBaWElnUTBFd2dnRWlNQTBHQ1NxR1NJYjNEUUVCQVFVQUE0SUIKRHdBd2dnRUtBb0lCQVFERXhuT25NdFNHWHBZQjRQQVFWVnNkdzVMWmxaYnBuTDRPMmwzaXdycHBhOTJCb3p2bApMNHBuVDRsVVpnU29ZU1g2djhXcHQyc0pBT1p4QXVjZEo1VTVIeGRVVnU1eGxaZytMOHA2dmdNRlNYRHFTOWdwCnNIWDh1RGpSaC94SEpGbHRZWGFVT3ZKclNmbVVlS2VYMG9PdTI2MWQ5anl3eWw4QmhwVDVKbmhpU3Q4N1Z3dzQKanZiVnpQR2ZLZXphM2tybUdRM2hJOTdyUThHcVh0emY3WEhxSmhKSU1qM3Q2ck5LemtCZmFXZm41MzZCd3Y1Ngo2dlR3TkYvd0U4aS9xczFkSHd2VmlXQ1JpZlYveVlNZVNzWW5vNUxFUmkyRHFMMXd1R1lubFhyVkwzeEdySnR0ClZHY1lHV1RCQnUrZlA2TUFmT24xVzYwRmpjRXdRTnE5YXAwbEFnTUJBQUdqUlRCRE1BNEdBMVVkRHdFQi93UUUKQXdJQmhqQVNCZ05WSFJNQkFmOEVDREFHQVFIL0FnRUFNQjBHQTFVZERnUVdCQlRKb1NQSzhQYWVhS09ZWlA0cwpseEUvR0tETmRqQU5CZ2txaGtpRzl3MEJBUXNGQUFPQ0FRRUFjYnJlVkNHTEJud09tRmJhenV0bytDTmM1enNFClVPbHp5ZGdoZUV1VzhXSlNGM3ozSmhHZnRPN25PMnI1WHNEOERUL3U1LzgyZnN4M3p2ODVZWFo2SmFtMFlHRGwKN2ZyOWxlT3FucG5MbVJ0b0lWOU1sRW5Ca3p0cHBTVnJ5TjBnUWF5aU1GV05GY3NDcm5LRyszVmJuRHdzYWJUNQpSdms4dHh0a3Q2dlZ0c2lVa1lWVEU4YUN4eDFRMlQ0RTRFcWpUMEE0c0RMOWtxQzZaTlhJSWpQRmlQZ3pNZEhUClFuYVFEd1lmbG5VWDYxUWpNK2h4ZVFLc1VDUzhyUmpmOXZrcG1qQSs5eGVpcXZmMFpPcUpBakxIUnpqY0JmM0MKcitwNUJZL3p1UlVQbzVXcmtrSTN6ZjIvcStJem8rT25PV3lQZWxwQVROSXNvbDZ6RTR5Q1I4WWdZZz09Ci0tLS0tRU5EIENFUlRJRklDQVRFLS0tLS0K",
                "expires_at": "2021-12-07T23:55:34Z",
                "host": "https://eb343a2d-aba8-4535-b28f-42086323cbc8.k8s.ondigitalocean.com",
                "raw_config": "apiVersion: v1\nkind: Config\nclusters:\n- cluster:\n    certificate-authority-data: LS0tLS1CRUdJTiBDRVJUSUZJQ0FURS0tLS0tCk1JSURKekNDQWcrZ0F3SUJBZ0lDQm5Vd0RRWUpLb1pJaHZjTkFRRUxCUUF3TXpFVk1CTUdBMVVFQ2hNTVJHbG4KYVhSaGJFOWpaV0Z1TVJvd0dBWURWUVFERXhGck9ITmhZWE1nUTJ4MWMzUmxjaUJEUVRBZUZ3MHlNVEV4TXpBeQpNelExTXpkYUZ3MDBNVEV4TXpBeU16UTFNemRhTURNeEZUQVRCZ05WQkFvVERFUnBaMmwwWVd4UFkyVmhiakVhCk1CZ0dBMVVFQXhNUmF6aHpZV0Z6SUVOc2RYTjBaWElnUTBFd2dnRWlNQTBHQ1NxR1NJYjNEUUVCQVFVQUE0SUIKRHdBd2dnRUtBb0lCQVFERXhuT25NdFNHWHBZQjRQQVFWVnNkdzVMWmxaYnBuTDRPMmwzaXdycHBhOTJCb3p2bApMNHBuVDRsVVpnU29ZU1g2djhXcHQyc0pBT1p4QXVjZEo1VTVIeGRVVnU1eGxaZytMOHA2dmdNRlNYRHFTOWdwCnNIWDh1RGpSaC94SEpGbHRZWGFVT3ZKclNmbVVlS2VYMG9PdTI2MWQ5anl3eWw4QmhwVDVKbmhpU3Q4N1Z3dzQKanZiVnpQR2ZLZXphM2tybUdRM2hJOTdyUThHcVh0emY3WEhxSmhKSU1qM3Q2ck5LemtCZmFXZm41MzZCd3Y1Ngo2dlR3TkYvd0U4aS9xczFkSHd2VmlXQ1JpZlYveVlNZVNzWW5vNUxFUmkyRHFMMXd1R1lubFhyVkwzeEdySnR0ClZHY1lHV1RCQnUrZlA2TUFmT24xVzYwRmpjRXdRTnE5YXAwbEFnTUJBQUdqUlRCRE1BNEdBMVVkRHdFQi93UUUKQXdJQmhqQVNCZ05WSFJNQkFmOEVDREFHQVFIL0FnRUFNQjBHQTFVZERnUVdCQlRKb1NQSzhQYWVhS09ZWlA0cwpseEUvR0tETmRqQU5CZ2txaGtpRzl3MEJBUXNGQUFPQ0FRRUFjYnJlVkNHTEJud09tRmJhenV0bytDTmM1enNFClVPbHp5ZGdoZUV1VzhXSlNGM3ozSmhHZnRPN25PMnI1WHNEOERUL3U1LzgyZnN4M3p2ODVZWFo2SmFtMFlHRGwKN2ZyOWxlT3FucG5MbVJ0b0lWOU1sRW5Ca3p0cHBTVnJ5TjBnUWF5aU1GV05GY3NDcm5LRyszVmJuRHdzYWJUNQpSdms4dHh0a3Q2dlZ0c2lVa1lWVEU4YUN4eDFRMlQ0RTRFcWpUMEE0c0RMOWtxQzZaTlhJSWpQRmlQZ3pNZEhUClFuYVFEd1lmbG5VWDYxUWpNK2h4ZVFLc1VDUzhyUmpmOXZrcG1qQSs5eGVpcXZmMFpPcUpBakxIUnpqY0JmM0MKcitwNUJZL3p1UlVQbzVXcmtrSTN6ZjIvcStJem8rT25PV3lQZWxwQVROSXNvbDZ6RTR5Q1I4WWdZZz09Ci0tLS0tRU5EIENFUlRJRklDQVRFLS0tLS0K\n    server: https://eb343a2d-aba8-4535-b28f-42086323cbc8.k8s.ondigitalocean.com\n  name: do-nyc1-lineblocs-k8s-do-aaaef721f266\ncontexts:\n- context:\n    cluster: do-nyc1-lineblocs-k8s-do-aaaef721f266\n    user: do-nyc1-lineblocs-k8s-do-aaaef721f266-admin\n  name: do-nyc1-lineblocs-k8s-do-aaaef721f266\ncurrent-context: do-nyc1-lineblocs-k8s-do-aaaef721f266\nusers:\n- name: do-nyc1-lineblocs-k8s-do-aaaef721f266-admin\n  user:\n    token: ff74cb2de06245a5cfac998a3dd500aff98f541f14e3559bbd9747eb347ff473\n",
                "token": "ff74cb2de06245a5cfac998a3dd500aff98f541f14e3559bbd9747eb347ff473"
              }
            ],
            "maintenance_policy": [
              {
                "day": "any",
                "duration": "4h0m0s",
                "start_time": "11:00"
              }
            ],
            "name": "lineblocs-k8s-do-aaaef721f266",
            "node_pool": [
              {
                "actual_node_count": 2,
                "auto_scale": false,
                "id": "eafbbfd3-234f-4eeb-92f3-93517c07dddd",
                "labels": null,
                "max_nodes": 0,
                "min_nodes": 0,
                "name": "lineblocs-k8s-mainpool",
                "node_count": 2,
                "nodes": [
                  {
                    "created_at": "2021-11-30 23:45:33 +0000 UTC",
                    "droplet_id": "275952442",
                    "id": "73573f5c-2c8b-4982-adc5-d59327b692c9",
                    "name": "lineblocs-k8s-mainpool-ubqlz",
                    "status": "running",
                    "updated_at": "2021-11-30 23:51:21 +0000 UTC"
                  },
                  {
                    "created_at": "2021-11-30 23:45:33 +0000 UTC",
                    "droplet_id": "275952441",
                    "id": "b728be9b-c0c5-427c-91e4-b82ffd0e431f",
                    "name": "lineblocs-k8s-mainpool-ubql9",
                    "status": "running",
                    "updated_at": "2021-11-30 23:51:21 +0000 UTC"
                  }
                ],
                "size": "s-1vcpu-2gb",
                "tags": null,
                "taint": []
              }
            ],
            "region": "nyc1",
            "service_subnet": "10.245.0.0/16",
            "status": "running",
            "surge_upgrade": true,
            "tags": null,
            "timeouts": null,
            "updated_at": "2021-11-30 23:55:30 +0000 UTC",
            "urn": "do:kubernetes:eb343a2d-aba8-4535-b28f-42086323cbc8",
            "version": "1.21.5-do.0",
            "vpc_uuid": "6eae75f8-5b9d-4c81-ba99-d293dcdf56d9"
          },
          "sensitive_attributes": [],
          "private": "eyJlMmJmYjczMC1lY2FhLTExZTYtOGY4OC0zNDM2M2JjN2M0YzAiOnsiY3JlYXRlIjoxODAwMDAwMDAwMDAwfSwic2NoZW1hX3ZlcnNpb24iOiIzIn0=",
          "dependencies": [
            "data.external.get_latest_do_k8s_version",
            "random_id.cluster_name"
          ]
        }
      ]
    },
    {
      "mode": "managed",
      "type": "digitalocean_kubernetes_node_pool",
      "name": "k8s_media_nodes",
      "provider": "provider[\"registry.terraform.io/digitalocean/digitalocean\"]",
      "instances": [
        {
          "index_key": 0,
          "schema_version": 1,
          "attributes": {
            "actual_node_count": 1,
            "auto_scale": true,
            "cluster_id": "eb343a2d-aba8-4535-b28f-42086323cbc8",
            "id": "ad391305-4d28-4eea-802d-6a93ff26dc0b",
            "labels": null,
            "max_nodes": 2,
            "min_nodes": 1,
            "name": "lineblocs-k8s-media-nodepool",
            "node_count": 1,
            "nodes": [
              {
                "created_at": "2021-11-30 23:55:35 +0000 UTC",
                "droplet_id": "275952734",
                "id": "54a361ee-2ba2-491e-9ed4-403df65d923b",
                "name": "lineblocs-k8s-media-nodepool-ubq2z",
                "status": "running",
                "updated_at": "2021-11-30 23:55:40 +0000 UTC"
              }
            ],
            "size": "s-1vcpu-2gb",
            "tags": null,
            "taint": [],
            "timeouts": null
          },
          "sensitive_attributes": [],
          "private": "eyJlMmJmYjczMC1lY2FhLTExZTYtOGY4OC0zNDM2M2JjN2M0YzAiOnsiY3JlYXRlIjoxODAwMDAwMDAwMDAwLCJkZWxldGUiOjE4MDAwMDAwMDAwMDB9LCJzY2hlbWFfdmVyc2lvbiI6IjEifQ==",
          "dependencies": [
            "data.external.get_latest_do_k8s_version",
            "digitalocean_kubernetes_cluster.k8s",
            "random_id.cluster_name"
          ]
        }
      ]
    },
    {
      "mode": "managed",
      "type": "digitalocean_kubernetes_node_pool",
      "name": "k8s_router_nodes",
      "provider": "provider[\"registry.terraform.io/digitalocean/digitalocean\"]",
      "instances": [
        {
          "index_key": 0,
          "schema_version": 1,
          "attributes": {
            "actual_node_count": 2,
            "auto_scale": false,
            "cluster_id": "eb343a2d-aba8-4535-b28f-42086323cbc8",
            "id": "a6a5d336-a8fe-437c-98aa-a9aa4bfdb1b5",
            "labels": {
              "routerNode": "true"
            },
            "max_nodes": 0,
            "min_nodes": 0,
            "name": "lineblocs-k8s-nodepool",
            "node_count": 2,
            "nodes": [
              {
                "created_at": "2021-11-30 23:55:35 +0000 UTC",
                "droplet_id": "275952735",
                "id": "4aef30ea-4732-41af-9462-12ecc4543b69",
                "name": "lineblocs-k8s-nodepool-ubq20",
                "status": "running",
                "updated_at": "2021-11-30 23:56:20 +0000 UTC"
              },
              {
                "created_at": "2021-11-30 23:55:35 +0000 UTC",
                "droplet_id": "275952736",
                "id": "0ff9f760-5ea3-416b-96a2-708d42676439",
                "name": "lineblocs-k8s-nodepool-ubq21",
                "status": "running",
                "updated_at": "2021-11-30 23:56:20 +0000 UTC"
              }
            ],
            "size": "s-1vcpu-2gb",
            "tags": null,
            "taint": [],
            "timeouts": null
          },
          "sensitive_attributes": [],
          "private": "eyJlMmJmYjczMC1lY2FhLTExZTYtOGY4OC0zNDM2M2JjN2M0YzAiOnsiY3JlYXRlIjoxODAwMDAwMDAwMDAwLCJkZWxldGUiOjE4MDAwMDAwMDAwMDB9LCJzY2hlbWFfdmVyc2lvbiI6IjEifQ==",
          "dependencies": [
            "data.external.get_latest_do_k8s_version",
            "digitalocean_kubernetes_cluster.k8s",
            "random_id.cluster_name"
          ]
        }
      ]
    },
    {
      "mode": "managed",
      "type": "local_file",
      "name": "kubeconfigdo",
      "provider": "provider[\"registry.terraform.io/hashicorp/local\"]",
      "instances": [
        {
          "index_key": 0,
          "schema_version": 0,
          "attributes": {
            "content": "apiVersion: v1\nkind: Config\nclusters:\n- cluster:\n    certificate-authority-data: LS0tLS1CRUdJTiBDRVJUSUZJQ0FURS0tLS0tCk1JSURKekNDQWcrZ0F3SUJBZ0lDQm5Vd0RRWUpLb1pJaHZjTkFRRUxCUUF3TXpFVk1CTUdBMVVFQ2hNTVJHbG4KYVhSaGJFOWpaV0Z1TVJvd0dBWURWUVFERXhGck9ITmhZWE1nUTJ4MWMzUmxjaUJEUVRBZUZ3MHlNVEV4TXpBeQpNelExTXpkYUZ3MDBNVEV4TXpBeU16UTFNemRhTURNeEZUQVRCZ05WQkFvVERFUnBaMmwwWVd4UFkyVmhiakVhCk1CZ0dBMVVFQXhNUmF6aHpZV0Z6SUVOc2RYTjBaWElnUTBFd2dnRWlNQTBHQ1NxR1NJYjNEUUVCQVFVQUE0SUIKRHdBd2dnRUtBb0lCQVFERXhuT25NdFNHWHBZQjRQQVFWVnNkdzVMWmxaYnBuTDRPMmwzaXdycHBhOTJCb3p2bApMNHBuVDRsVVpnU29ZU1g2djhXcHQyc0pBT1p4QXVjZEo1VTVIeGRVVnU1eGxaZytMOHA2dmdNRlNYRHFTOWdwCnNIWDh1RGpSaC94SEpGbHRZWGFVT3ZKclNmbVVlS2VYMG9PdTI2MWQ5anl3eWw4QmhwVDVKbmhpU3Q4N1Z3dzQKanZiVnpQR2ZLZXphM2tybUdRM2hJOTdyUThHcVh0emY3WEhxSmhKSU1qM3Q2ck5LemtCZmFXZm41MzZCd3Y1Ngo2dlR3TkYvd0U4aS9xczFkSHd2VmlXQ1JpZlYveVlNZVNzWW5vNUxFUmkyRHFMMXd1R1lubFhyVkwzeEdySnR0ClZHY1lHV1RCQnUrZlA2TUFmT24xVzYwRmpjRXdRTnE5YXAwbEFnTUJBQUdqUlRCRE1BNEdBMVVkRHdFQi93UUUKQXdJQmhqQVNCZ05WSFJNQkFmOEVDREFHQVFIL0FnRUFNQjBHQTFVZERnUVdCQlRKb1NQSzhQYWVhS09ZWlA0cwpseEUvR0tETmRqQU5CZ2txaGtpRzl3MEJBUXNGQUFPQ0FRRUFjYnJlVkNHTEJud09tRmJhenV0bytDTmM1enNFClVPbHp5ZGdoZUV1VzhXSlNGM3ozSmhHZnRPN25PMnI1WHNEOERUL3U1LzgyZnN4M3p2ODVZWFo2SmFtMFlHRGwKN2ZyOWxlT3FucG5MbVJ0b0lWOU1sRW5Ca3p0cHBTVnJ5TjBnUWF5aU1GV05GY3NDcm5LRyszVmJuRHdzYWJUNQpSdms4dHh0a3Q2dlZ0c2lVa1lWVEU4YUN4eDFRMlQ0RTRFcWpUMEE0c0RMOWtxQzZaTlhJSWpQRmlQZ3pNZEhUClFuYVFEd1lmbG5VWDYxUWpNK2h4ZVFLc1VDUzhyUmpmOXZrcG1qQSs5eGVpcXZmMFpPcUpBakxIUnpqY0JmM0MKcitwNUJZL3p1UlVQbzVXcmtrSTN6ZjIvcStJem8rT25PV3lQZWxwQVROSXNvbDZ6RTR5Q1I4WWdZZz09Ci0tLS0tRU5EIENFUlRJRklDQVRFLS0tLS0K\n    server: https://eb343a2d-aba8-4535-b28f-42086323cbc8.k8s.ondigitalocean.com\n  name: do-nyc1-lineblocs-k8s-do-aaaef721f266\ncontexts:\n- context:\n    cluster: do-nyc1-lineblocs-k8s-do-aaaef721f266\n    user: do-nyc1-lineblocs-k8s-do-aaaef721f266-admin\n  name: do-nyc1-lineblocs-k8s-do-aaaef721f266\ncurrent-context: do-nyc1-lineblocs-k8s-do-aaaef721f266\nusers:\n- name: do-nyc1-lineblocs-k8s-do-aaaef721f266-admin\n  user:\n    token: ff74cb2de06245a5cfac998a3dd500aff98f541f14e3559bbd9747eb347ff473\n",
            "content_base64": null,
            "directory_permission": "0777",
            "file_permission": "0777",
            "filename": "./kubeconfig_do",
            "id": "12a05aae114fb4ea4886b871e590334e93fbf337",
            "sensitive_content": null,
            "source": null
          },
          "sensitive_attributes": [
            [
              {
                "type": "get_attr",
                "value": "content"
              }
            ]
          ],
          "private": "bnVsbA==",
          "dependencies": [
            "data.external.get_latest_do_k8s_version",
            "digitalocean_kubernetes_cluster.k8s",
            "random_id.cluster_name"
          ]
        }
      ]
    },
    {
      "mode": "managed",
      "type": "random_id",
      "name": "cluster_name",
      "provider": "provider[\"registry.terraform.io/hashicorp/random\"]",
      "instances": [
        {
          "index_key": 0,
          "schema_version": 0,
          "attributes": {
            "b64_std": "qq73IfJm",
            "b64_url": "qq73IfJm",
            "byte_length": 6,
            "dec": "187668447228518",
            "hex": "aaaef721f266",
            "id": "qq73IfJm",
            "keepers": null,
            "prefix": null
          },
          "sensitive_attributes": [],
          "private": "bnVsbA=="
        }
      ]
    }
  ]
}
